
Microsoft Visual Studio Solution File, Format Version 12.00
# Visual Studio Version 16
VisualStudioVersion = 16.0.31702.278
MinimumVisualStudioVersion = 10.0.40219.1
Project("{FAE04EC0-301F-11D3-BF4B-00C04F79EFBC}") = "SeleniumWebDriver", "SeleniumWebDriver\SeleniumWebDriver.csproj", "{CE44F149-92EB-4D62-B358-E0E19B91BC79}"
EndProject
Project("{FAE04EC0-301F-11D3-BF4B-00C04F79EFBC}") = "ITStockSpecflow", "ITStockSpecflow\ITStockSpecflow.csproj", "{FB1F8714-62AB-44ED-95B0-C72AB2185246}"
EndProject
Global
	GlobalSection(SolutionConfigurationPlatforms) = preSolution
		Debug|Any CPU = Debug|Any CPU
		Release|Any CPU = Release|Any CPU
	EndGlobalSection
	GlobalSection(ProjectConfigurationPlatforms) = postSolution
		{CE44F149-92EB-4D62-B358-E0E19B91BC79}.Debug|Any CPU.ActiveCfg = Debug|Any CPU
		{CE44F149-92EB-4D62-B358-E0E19B91BC79}.Debug|Any CPU.Build.0 = Debug|Any CPU
		{CE44F149-92EB-4D62-B358-E0E19B91BC79}.Release|Any CPU.ActiveCfg = Release|Any CPU
		{CE44F149-92EB-4D62-B358-E0E19B91BC79}.Release|Any CPU.Build.0 = Release|Any CPU
		{FB1F8714-62AB-44ED-95B0-C72AB2185246}.Debug|Any CPU.ActiveCfg = Debug|Any CPU
		{FB1F8714-62AB-44ED-95B0-C72AB2185246}.Debug|Any CPU.Build.0 = Debug|Any CPU
		{FB1F8714-62AB-44ED-95B0-C72AB2185246}.Release|Any CPU.ActiveCfg = Release|Any CPU
		{FB1F8714-62AB-44ED-95B0-C72AB2185246}.Release|Any CPU.Build.0 = Release|Any CPU
	EndGlobalSection
	GlobalSection(SolutionProperties) = preSolution
		HideSolutionNode = FALSE
	EndGlobalSection
	GlobalSection(ExtensibilityGlobals) = postSolution
		SolutionGuid = {75E20AD3-47CF-4527-BA5B-58FDE530D968}
	EndGlobalSection
EndGlobal
